
Microsoft Visual Studio Solution File, Format Version 12.00
# Visual Studio Version 16
VisualStudioVersion = 16.0.30611.23
MinimumVisualStudioVersion = 10.0.40219.1
Project("{FAE04EC0-301F-11D3-BF4B-00C04F79EFBC}") = "Kütüphane", "Kütüphane\Kütüphane.csproj", "{2589B0E7-E697-46CD-A1E7-36E5DBF6B5B9}"
EndProject
Global
	GlobalSection(SolutionConfigurationPlatforms) = preSolution
		Debug|Any CPU = Debug|Any CPU
		Release|Any CPU = Release|Any CPU
	EndGlobalSection
	GlobalSection(ProjectConfigurationPlatforms) = postSolution
		{2589B0E7-E697-46CD-A1E7-36E5DBF6B5B9}.Debug|Any CPU.ActiveCfg = Debug|Any CPU
		{2589B0E7-E697-46CD-A1E7-36E5DBF6B5B9}.Debug|Any CPU.Build.0 = Debug|Any CPU
		{2589B0E7-E697-46CD-A1E7-36E5DBF6B5B9}.Release|Any CPU.ActiveCfg = Release|Any CPU
		{2589B0E7-E697-46CD-A1E7-36E5DBF6B5B9}.Release|Any CPU.Build.0 = Release|Any CPU
	EndGlobalSection
	GlobalSection(SolutionProperties) = preSolution
		HideSolutionNode = FALSE
	EndGlobalSection
	GlobalSection(ExtensibilityGlobals) = postSolution
		SolutionGuid = {96B31D24-70BA-400E-96DA-65E6316187CE}
	EndGlobalSection
EndGlobal
